// !$*UTF8*$!
{
	archiveVersion = 1;
	classes = {
	};
	objectVersion = 50;
	objects = {

/* Begin PBXBuildFile section */
		30379C8A24017B16002A5827 /* AppDelegate.swift in Sources */ = {isa = PBXBuildFile; fileRef = 30379C8924017B16002A5827 /* AppDelegate.swift */; };
		30379C8C24017B16002A5827 /* SceneDelegate.swift in Sources */ = {isa = PBXBuildFile; fileRef = 30379C8B24017B16002A5827 /* SceneDelegate.swift */; };
		30379C8E24017B16002A5827 /* ViewController.swift in Sources */ = {isa = PBXBuildFile; fileRef = 30379C8D24017B16002A5827 /* ViewController.swift */; };
		30379C9124017B16002A5827 /* Main.storyboard in Resources */ = {isa = PBXBuildFile; fileRef = 30379C8F24017B16002A5827 /* Main.storyboard */; };
		30379C9424017B16002A5827 /* Artbook.xcdatamodeld in Sources */ = {isa = PBXBuildFile; fileRef = 30379C9224017B16002A5827 /* Artbook.xcdatamodeld */; };
		30379C9624017B19002A5827 /* Assets.xcassets in Resources */ = {isa = PBXBuildFile; fileRef = 30379C9524017B19002A5827 /* Assets.xcassets */; };
		30379C9924017B19002A5827 /* LaunchScreen.storyboard in Resources */ = {isa = PBXBuildFile; fileRef = 30379C9724017B19002A5827 /* LaunchScreen.storyboard */; };
		30379CA124017ED2002A5827 /* DetailsViewController.swift in Sources */ = {isa = PBXBuildFile; fileRef = 30379CA024017ED2002A5827 /* DetailsViewController.swift */; };
/* End PBXBuildFile section */

/* Begin PBXFileReference section */
		30379C8624017B16002A5827 /* Artbook.app */ = {isa = PBXFileReference; explicitFileType = wrapper.application; includeInIndex = 0; path = Artbook.app; sourceTree = BUILT_PRODUCTS_DIR; };
		30379C8924017B16002A5827 /* AppDelegate.swift */ = {isa = PBXFileReference; lastKnownFileType = sourcecode.swift; path = AppDelegate.swift; sourceTree = "<group>"; };
		30379C8B24017B16002A5827 /* SceneDelegate.swift */ = {isa = PBXFileReference; lastKnownFileType = sourcecode.swift; path = SceneDelegate.swift; sourceTree = "<group>"; };
		30379C8D24017B16002A5827 /* ViewController.swift */ = {isa = PBXFileReference; lastKnownFileType = sourcecode.swift; path = ViewController.swift; sourceTree = "<group>"; };
		30379C9024017B16002A5827 /* Base */ = {isa = PBXFileReference; lastKnownFileType = file.storyboard; name = Base; path = Base.lproj/Main.storyboard; sourceTree = "<group>"; };
		30379C9324017B16002A5827 /* Artbook.xcdatamodel */ = {isa = PBXFileReference; lastKnownFileType = wrapper.xcdatamodel; path = Artbook.xcdatamodel; sourceTree = "<group>"; };
		30379C9524017B19002A5827 /* Assets.xcassets */ = {isa = PBXFileReference; lastKnownFileType = folder.assetcatalog; path = Assets.xcassets; sourceTree = "<group>"; };
		30379C9824017B19002A5827 /* Base */ = {isa = PBXFileReference; lastKnownFileType = file.storyboard; name = Base; path = Base.lproj/LaunchScreen.storyboard; sourceTree = "<group>"; };
		30379C9A24017B19002A5827 /* Info.plist */ = {isa = PBXFileReference; lastKnownFileType = text.plist.xml; path = Info.plist; sourceTree = "<group>"; };
		30379CA024017ED2002A5827 /* DetailsViewController.swift */ = {isa = PBXFileReference; lastKnownFileType = sourcecode.swift; path = DetailsViewController.swift; sourceTree = "<group>"; };
/* End PBXFileReference section */

/* Begin PBXFrameworksBuildPhase section */
		30379C8324017B16002A5827 /* Frameworks */ = {
			isa = PBXFrameworksBuildPhase;
			buildActionMask = 2147483647;
			files = (
			);
			runOnlyForDeploymentPostprocessing = 0;
		};
/* End PBXFrameworksBuildPhase section */

/* Begin PBXGroup section */
		30379C7D24017B16002A5827 = {
			isa = PBXGroup;
			children = (
				30379C8824017B16002A5827 /* Artbook */,
				30379C8724017B16002A5827 /* Products */,
			);
			sourceTree = "<group>";
		};
		30379C8724017B16002A5827 /* Products */ = {
			isa = PBXGroup;
			children = (
				30379C8624017B16002A5827 /* Artbook.app */,
			);
			name = Products;
			sourceTree = "<group>";
		};
		30379C8824017B16002A5827 /* Artbook */ = {
			isa = PBXGroup;
			children = (
				30379C8924017B16002A5827 /* AppDelegate.swift */,
				30379C8B24017B16002A5827 /* SceneDelegate.swift */,
				30379C8D24017B16002A5827 /* ViewController.swift */,
				30379C8F24017B16002A5827 /* Main.storyboard */,
				30379CA024017ED2002A5827 /* DetailsViewController.swift */,
				30379C9524017B19002A5827 /* Assets.xcassets */,
				30379C9724017B19002A5827 /* LaunchScreen.storyboard */,
				30379C9A24017B19002A5827 /* Info.plist */,
				30379C9224017B16002A5827 /* Artbook.xcdatamodeld */,
			);
			path = Artbook;
			sourceTree = "<group>";
		};
/* End PBXGroup section */

/* Begin PBXNativeTarget section */
		30379C8524017B16002A5827 /* Artbook */ = {
			isa = PBXNativeTarget;
			buildConfigurationList = 30379C9D24017B19002A5827 /* Build configuration list for PBXNativeTarget "Artbook" */;
			buildPhases = (
				30379C8224017B16002A5827 /* Sources */,
				30379C8324017B16002A5827 /* Frameworks */,
				30379C8424017B16002A5827 /* Resources */,
			);
			buildRules = (
			);
			dependencies = (
			);
			name = Artbook;
			productName = Artbook;
			productReference = 30379C8624017B16002A5827 /* Artbook.app */;
			productType = "com.apple.product-type.application";
		};
/* End PBXNativeTarget section */

/* Begin PBXProject section */
		30379C7E24017B16002A5827 /* Project object */ = {
			isa = PBXProject;
			attributes = {
				LastSwiftUpdateCheck = 1110;
				LastUpgradeCheck = 1110;
				ORGANIZATIONNAME = "Abhishek Rawat";
				TargetAttributes = {
					30379C8524017B16002A5827 = {
						CreatedOnToolsVersion = 11.1;
					};
				};
			};
			buildConfigurationList = 30379C8124017B16002A5827 /* Build configuration list for PBXProject "Artbook" */;
			compatibilityVersion = "Xcode 9.3";
			developmentRegion = en;
			hasScannedForEncodings = 0;
			knownRegions = (
				en,
				Base,
			);
			mainGroup = 30379C7D24017B16002A5827;
			productRefGroup = 30379C8724017B16002A5827 /* Products */;
			projectDirPath = "";
			projectRoot = "";
			targets = (
				30379C8524017B16002A5827 /* Artbook */,
			);
		};
/* End PBXProject section */

/* Begin PBXResourcesBuildPhase section */
		30379C8424017B16002A5827 /* Resources */ = {
			isa = PBXResourcesBuildPhase;
			buildActionMask = 2147483647;
			files = (
				30379C9924017B19002A5827 /* LaunchScreen.storyboard in Resources */,
				30379C9624017B19002A5827 /* Assets.xcassets in Resources */,
				30379C9124017B16002A5827 /* Main.storyboard in Resources */,
			);
			runOnlyForDeploymentPostprocessing = 0;
		};
/* End PBXResourcesBuildPhase section */

/* Begin PBXSourcesBuildPhase section */
		30379C8224017B16002A5827 /* Sources */ = {
			isa = PBXSourcesBuildPhase;
			buildActionMask = 2147483647;
			files = (
				30379C8E24017B16002A5827 /* ViewController.swift in Sources */,
				30379C8A24017B16002A5827 /* AppDelegate.swift in Sources */,
				30379C9424017B16002A5827 /* Artbook.xcdatamodeld in Sources */,
				30379C8C24017B16002A5827 /* SceneDelegate.swift in Sources */,
				30379CA124017ED2002A5827 /* DetailsViewController.swift in Sources */,
			);
			runOnlyForDeploymentPostprocessing = 0;
		};
/* End PBXSourcesBuildPhase section */

/* Begin PBXVariantGroup section */
		30379C8F24017B16002A5827 /* Main.storyboard */ = {
			isa = PBXVariantGroup;
			children = (
				30379C9024017B16002A5827 /* Base */,
			);
			name = Main.storyboard;
			sourceTree = "<group>";
		};
		30379C9724017B19002A5827 /* LaunchScreen.storyboard */ = {
			isa = PBXVariantGroup;
			children = (
				30379C9824017B19002A5827 /* Base */,
			);
			name = LaunchScreen.storyboard;
			sourceTree = "<group>";
		};
/* End PBXVariantGroup section */

/* Begin XCBuildConfiguration section */
		30379C9B24017B19002A5827 /* Debug */ = {
			isa = XCBuildConfiguration;
			buildSettings = {
				ALWAYS_SEARCH_USER_PATHS = NO;
				CLANG_ANALYZER_NONNULL = YES;
				CLANG_ANALYZER_NUMBER_OBJECT_CONVERSION = YES_AGGRESSIVE;
				CLANG_CXX_LANGUAGE_STANDARD = "gnu++14";
				CLANG_CXX_LIBRARY = "libc++";
				CLANG_ENABLE_MODULES = YES;
				CLANG_ENABLE_OBJC_ARC = YES;
				CLANG_ENABLE_OBJC_WEAK = YES;
				CLANG_WARN_BLOCK_CAPTURE_AUTORELEASING = YES;
				CLANG_WARN_BOOL_CONVERSION = YES;
				CLANG_WARN_COMMA = YES;
				CLANG_WARN_CONSTANT_CONVERSION = YES;
				CLANG_WARN_DEPRECATED_OBJC_IMPLEMENTATIONS = YES;
				CLANG_WARN_DIRECT_OBJC_ISA_USAGE = YES_ERROR;
				CLANG_WARN_DOCUMENTATION_COMMENTS = YES;
				CLANG_WARN_EMPTY_BODY = YES;
				CLANG_WARN_ENUM_CONVERSION = YES;
				CLANG_WARN_INFINITE_RECURSION = YES;
				CLANG_WARN_INT_CONVERSION = YES;
				CLANG_WARN_NON_LITERAL_NULL_CONVERSION = YES;
				CLANG_WARN_OBJC_IMPLICIT_RETAIN_SELF = YES;
				CLANG_WARN_OBJC_LITERAL_CONVERSION = YES;
				CLANG_WARN_OBJC_ROOT_CLASS = YES_ERROR;
				CLANG_WARN_RANGE_LOOP_ANALYSIS = YES;
				CLANG_WARN_STRICT_PROTOTYPES = YES;
				CLANG_WARN_SUSPICIOUS_MOVE = YES;
				CLANG_WARN_UNGUARDED_AVAILABILITY = YES_AGGRESSIVE;
				CLANG_WARN_UNREACHABLE_CODE = YES;
				CLANG_WARN__DUPLICATE_METHOD_MATCH = YES;
				COPY_PHASE_STRIP = NO;
				DEBUG_INFORMATION_FORMAT = dwarf;
				ENABLE_STRICT_OBJC_MSGSEND = YES;
				ENABLE_TESTABILITY = YES;
				GCC_C_LANGUAGE_STANDARD = gnu11;
				GCC_DYNAMIC_NO_PIC = NO;
				GCC_NO_COMMON_BLOCKS = YES;
				GCC_OPTIMIZATION_LEVEL = 0;
				GCC_PREPROCESSOR_DEFINITIONS = (
					"DEBUG=1",
					"$(inherited)",
				);
				GCC_WARN_64_TO_32_BIT_CONVERSION = YES;
				GCC_WARN_ABOUT_RETURN_TYPE = YES_ERROR;
				GCC_WARN_UNDECLARED_SELECTOR = YES;
				GCC_WARN_UNINITIALIZED_AUTOS = YES_AGGRESSIVE;
				GCC_WARN_UNUSED_FUNCTION = YES;
				GCC_WARN_UNUSED_VARIABLE = YES;
				IPHONEOS_DEPLOYMENT_TARGET = 13.1;
				MTL_ENABLE_DEBUG_INFO = INCLUDE_SOURCE;
				MTL_FAST_MATH = YES;
				ONLY_ACTIVE_ARCH = YES;
				SDKROOT = iphoneos;
				SWIFT_ACTIVE_COMPILATION_CONDITIONS = DEBUG;
				SWIFT_OPTIMIZATION_LEVEL = "-Onone";
			};
			name = Debug;
		};
		30379C9C24017B19002A5827 /* Release */ = {
			isa = XCBuildConfiguration;
			buildSettings = {
				ALWAYS_SEARCH_USER_PATHS = NO;
				CLANG_ANALYZER_NONNULL = YES;
				CLANG_ANALYZER_NUMBER_OBJECT_CONVERSION = YES_AGGRESSIVE;
				CLANG_CXX_LANGUAGE_STANDARD = "gnu++14";
				CLANG_CXX_LIBRARY = "libc++";
				CLANG_ENABLE_MODULES = YES;
				CLANG_ENABLE_OBJC_ARC = YES;
				CLANG_ENABLE_OBJC_WEAK = YES;
				CLANG_WARN_BLOCK_CAPTURE_AUTORELEASING = YES;
				CLANG_WARN_BOOL_CONVERSION = YES;
				CLANG_WARN_COMMA = YES;
				CLANG_WARN_CONSTANT_CONVERSION = YES;
				CLANG_WARN_DEPRECATED_OBJC_IMPLEMENTATIONS = YES;
				CLANG_WARN_DIRECT_OBJC_ISA_USAGE = YES_ERROR;
				CLANG_WARN_DOCUMENTATION_COMMENTS = YES;
				CLANG_WARN_EMPTY_BODY = YES;
				CLANG_WARN_ENUM_CONVERSION = YES;
				CLANG_WARN_INFINITE_RECURSION = YES;
				CLANG_WARN_INT_CONVERSION = YES;
				CLANG_WARN_NON_LITERAL_NULL_CONVERSION = YES;
				CLANG_WARN_OBJC_IMPLICIT_RETAIN_SELF = YES;
				CLANG_WARN_OBJC_LITERAL_CONVERSION = YES;
				CLANG_WARN_OBJC_ROOT_CLASS = YES_ERROR;
				CLANG_WARN_RANGE_LOOP_ANALYSIS = YES;
				CLANG_WARN_STRICT_PROTOTYPES = YES;
				CLANG_WARN_SUSPICIOUS_MOVE = YES;
				CLANG_WARN_UNGUARDED_AVAILABILITY = YES_AGGRESSIVE;
				CLANG_WARN_UNREACHABLE_CODE = YES;
				CLANG_WARN__DUPLICATE_METHOD_MATCH = YES;
				COPY_PHASE_STRIP = NO;
				DEBUG_INFORMATION_FORMAT = "dwarf-with-dsym";
				ENABLE_NS_ASSERTIONS = NO;
				ENABLE_STRICT_OBJC_MSGSEND = YES;
				GCC_C_LANGUAGE_STANDARD = gnu11;
				GCC_NO_COMMON_BLOCKS = YES;
				GCC_WARN_64_TO_32_BIT_CONVERSION = YES;
				GCC_WARN_ABOUT_RETURN_TYPE = YES_ERROR;
				GCC_WARN_UNDECLARED_SELECTOR = YES;
				GCC_WARN_UNINITIALIZED_AUTOS = YES_AGGRESSIVE;
				GCC_WARN_UNUSED_FUNCTION = YES;
				GCC_WARN_UNUSED_VARIABLE = YES;
				IPHONEOS_DEPLOYMENT_TARGET = 13.1;
				MTL_ENABLE_DEBUG_INFO = NO;
				MTL_FAST_MATH = YES;
				SDKROOT = iphoneos;
				SWIFT_COMPILATION_MODE = wholemodule;
				SWIFT_OPTIMIZATION_LEVEL = "-O";
				VALIDATE_PRODUCT = YES;
			};
			name = Release;
		};
		30379C9E24017B19002A5827 /* Debug */ = {
			isa = XCBuildConfiguration;
			buildSettings = {
				ASSETCATALOG_COMPILER_APPICON_NAME = AppIcon;
				CODE_SIGN_STYLE = Automatic;
				INFOPLIST_FILE = Artbook/Info.plist;
				LD_RUNPATH_SEARCH_PATHS = (
					"$(inherited)",
					"@executable_path/Frameworks",
				);
				PRODUCT_BUNDLE_IDENTIFIER = com.imadeitmyself.Artbook;
				PRODUCT_NAME = "$(TARGET_NAME)";
				SWIFT_VERSION = 5.0;
				TARGETED_DEVICE_FAMILY = "1,2";
			};
			name = Debug;
		};
		30379C9F24017B19002A5827 /* Release */ = {
			isa = XCBuildConfiguration;
			buildSettings = {
				ASSETCATALOG_COMPILER_APPICON_NAME = AppIcon;
				CODE_SIGN_STYLE = Automatic;
				INFOPLIST_FILE = Artbook/Info.plist;
				LD_RUNPATH_SEARCH_PATHS = (
					"$(inherited)",
					"@executable_path/Frameworks",
				);
				PRODUCT_BUNDLE_IDENTIFIER = com.imadeitmyself.Artbook;
				PRODUCT_NAME = "$(TARGET_NAME)";
				SWIFT_VERSION = 5.0;
				TARGETED_DEVICE_FAMILY = "1,2";
			};
			name = Release;
		};
/* End XCBuildConfiguration section */

/* Begin XCConfigurationList section */
		30379C8124017B16002A5827 /* Build configuration list for PBXProject "Artbook" */ = {
			isa = XCConfigurationList;
			buildConfigurations = (
				30379C9B24017B19002A5827 /* Debug */,
				30379C9C24017B19002A5827 /* Release */,
			);
			defaultConfigurationIsVisible = 0;
			defaultConfigurationName = Release;
		};
		30379C9D24017B19002A5827 /* Build configuration list for PBXNativeTarget "Artbook" */ = {
			isa = XCConfigurationList;
			buildConfigurations = (
				30379C9E24017B19002A5827 /* Debug */,
				30379C9F24017B19002A5827 /* Release */,
			);
			defaultConfigurationIsVisible = 0;
			defaultConfigurationName = Release;
		};
/* End XCConfigurationList section */

/* Begin XCVersionGroup section */
		30379C9224017B16002A5827 /* Artbook.xcdatamodeld */ = {
			isa = XCVersionGroup;
			children = (
				30379C9324017B16002A5827 /* Artbook.xcdatamodel */,
			);
			currentVersion = 30379C9324017B16002A5827 /* Artbook.xcdatamodel */;
			path = Artbook.xcdatamodeld;
			sourceTree = "<group>";
			versionGroupType = wrapper.xcdatamodel;
		};
/* End XCVersionGroup section */
	};
	rootObject = 30379C7E24017B16002A5827 /* Project object */;
}
