// !$*UTF8*$!
{
	archiveVersion = 1;
	classes = {
	};
	objectVersion = 50;
	objects = {

/* Begin PBXBuildFile section */
		305BFF7E239FD6900065D6BD /* AppDelegate.swift in Sources */ = {isa = PBXBuildFile; fileRef = 305BFF7D239FD6900065D6BD /* AppDelegate.swift */; };
		305BFF80239FD6900065D6BD /* SceneDelegate.swift in Sources */ = {isa = PBXBuildFile; fileRef = 305BFF7F239FD6900065D6BD /* SceneDelegate.swift */; };
		305BFF82239FD6900065D6BD /* ViewController.swift in Sources */ = {isa = PBXBuildFile; fileRef = 305BFF81239FD6900065D6BD /* ViewController.swift */; };
		305BFF85239FD6900065D6BD /* Main.storyboard in Resources */ = {isa = PBXBuildFile; fileRef = 305BFF83239FD6900065D6BD /* Main.storyboard */; };
		305BFF87239FD6910065D6BD /* Assets.xcassets in Resources */ = {isa = PBXBuildFile; fileRef = 305BFF86239FD6910065D6BD /* Assets.xcassets */; };
		305BFF8A239FD6910065D6BD /* LaunchScreen.storyboard in Resources */ = {isa = PBXBuildFile; fileRef = 305BFF88239FD6910065D6BD /* LaunchScreen.storyboard */; };
		30E7D19B239FFAE400B06A35 /* 6.m4a in Resources */ = {isa = PBXBuildFile; fileRef = 30E7D191239FFAE300B06A35 /* 6.m4a */; };
		30E7D19C239FFAE400B06A35 /* 3.m4a in Resources */ = {isa = PBXBuildFile; fileRef = 30E7D192239FFAE300B06A35 /* 3.m4a */; };
		30E7D19D239FFAE400B06A35 /* 5.m4a in Resources */ = {isa = PBXBuildFile; fileRef = 30E7D193239FFAE300B06A35 /* 5.m4a */; };
		30E7D19E239FFAE400B06A35 /* 4.m4a in Resources */ = {isa = PBXBuildFile; fileRef = 30E7D194239FFAE300B06A35 /* 4.m4a */; };
		30E7D19F239FFAE400B06A35 /* 2.m4a in Resources */ = {isa = PBXBuildFile; fileRef = 30E7D195239FFAE300B06A35 /* 2.m4a */; };
		30E7D1A0239FFAE400B06A35 /* 8.m4a in Resources */ = {isa = PBXBuildFile; fileRef = 30E7D196239FFAE300B06A35 /* 8.m4a */; };
		30E7D1A1239FFAE400B06A35 /* 9.m4a in Resources */ = {isa = PBXBuildFile; fileRef = 30E7D197239FFAE300B06A35 /* 9.m4a */; };
		30E7D1A2239FFAE400B06A35 /* 1.m4a in Resources */ = {isa = PBXBuildFile; fileRef = 30E7D198239FFAE300B06A35 /* 1.m4a */; };
		30E7D1A3239FFAE400B06A35 /* 10.m4a in Resources */ = {isa = PBXBuildFile; fileRef = 30E7D199239FFAE300B06A35 /* 10.m4a */; };
		30E7D1A4239FFAE400B06A35 /* 7.m4a in Resources */ = {isa = PBXBuildFile; fileRef = 30E7D19A239FFAE400B06A35 /* 7.m4a */; };
/* End PBXBuildFile section */

/* Begin PBXFileReference section */
		305BFF7A239FD6900065D6BD /* Learn 1-10 in Japanese.app */ = {isa = PBXFileReference; explicitFileType = wrapper.application; includeInIndex = 0; path = "Learn 1-10 in Japanese.app"; sourceTree = BUILT_PRODUCTS_DIR; };
		305BFF7D239FD6900065D6BD /* AppDelegate.swift */ = {isa = PBXFileReference; lastKnownFileType = sourcecode.swift; path = AppDelegate.swift; sourceTree = "<group>"; };
		305BFF7F239FD6900065D6BD /* SceneDelegate.swift */ = {isa = PBXFileReference; lastKnownFileType = sourcecode.swift; path = SceneDelegate.swift; sourceTree = "<group>"; };
		305BFF81239FD6900065D6BD /* ViewController.swift */ = {isa = PBXFileReference; lastKnownFileType = sourcecode.swift; path = ViewController.swift; sourceTree = "<group>"; };
		305BFF84239FD6900065D6BD /* Base */ = {isa = PBXFileReference; lastKnownFileType = file.storyboard; name = Base; path = Base.lproj/Main.storyboard; sourceTree = "<group>"; };
		305BFF86239FD6910065D6BD /* Assets.xcassets */ = {isa = PBXFileReference; lastKnownFileType = folder.assetcatalog; path = Assets.xcassets; sourceTree = "<group>"; };
		305BFF89239FD6910065D6BD /* Base */ = {isa = PBXFileReference; lastKnownFileType = file.storyboard; name = Base; path = Base.lproj/LaunchScreen.storyboard; sourceTree = "<group>"; };
		305BFF8B239FD6910065D6BD /* Info.plist */ = {isa = PBXFileReference; lastKnownFileType = text.plist.xml; path = Info.plist; sourceTree = "<group>"; };
		30E7D191239FFAE300B06A35 /* 6.m4a */ = {isa = PBXFileReference; lastKnownFileType = file; path = 6.m4a; sourceTree = "<group>"; };
		30E7D192239FFAE300B06A35 /* 3.m4a */ = {isa = PBXFileReference; lastKnownFileType = file; path = 3.m4a; sourceTree = "<group>"; };
		30E7D193239FFAE300B06A35 /* 5.m4a */ = {isa = PBXFileReference; lastKnownFileType = file; path = 5.m4a; sourceTree = "<group>"; };
		30E7D194239FFAE300B06A35 /* 4.m4a */ = {isa = PBXFileReference; lastKnownFileType = file; path = 4.m4a; sourceTree = "<group>"; };
		30E7D195239FFAE300B06A35 /* 2.m4a */ = {isa = PBXFileReference; lastKnownFileType = file; path = 2.m4a; sourceTree = "<group>"; };
		30E7D196239FFAE300B06A35 /* 8.m4a */ = {isa = PBXFileReference; lastKnownFileType = file; path = 8.m4a; sourceTree = "<group>"; };
		30E7D197239FFAE300B06A35 /* 9.m4a */ = {isa = PBXFileReference; lastKnownFileType = file; path = 9.m4a; sourceTree = "<group>"; };
		30E7D198239FFAE300B06A35 /* 1.m4a */ = {isa = PBXFileReference; lastKnownFileType = file; path = 1.m4a; sourceTree = "<group>"; };
		30E7D199239FFAE300B06A35 /* 10.m4a */ = {isa = PBXFileReference; lastKnownFileType = file; path = 10.m4a; sourceTree = "<group>"; };
		30E7D19A239FFAE400B06A35 /* 7.m4a */ = {isa = PBXFileReference; lastKnownFileType = file; path = 7.m4a; sourceTree = "<group>"; };
/* End PBXFileReference section */

/* Begin PBXFrameworksBuildPhase section */
		305BFF77239FD6900065D6BD /* Frameworks */ = {
			isa = PBXFrameworksBuildPhase;
			buildActionMask = 2147483647;
			files = (
			);
			runOnlyForDeploymentPostprocessing = 0;
		};
/* End PBXFrameworksBuildPhase section */

/* Begin PBXGroup section */
		305BFF71239FD6900065D6BD = {
			isa = PBXGroup;
			children = (
				305BFF7C239FD6900065D6BD /* Learn 1-10 in Japanese */,
				305BFF7B239FD6900065D6BD /* Products */,
			);
			sourceTree = "<group>";
		};
		305BFF7B239FD6900065D6BD /* Products */ = {
			isa = PBXGroup;
			children = (
				305BFF7A239FD6900065D6BD /* Learn 1-10 in Japanese.app */,
			);
			name = Products;
			sourceTree = "<group>";
		};
		305BFF7C239FD6900065D6BD /* Learn 1-10 in Japanese */ = {
			isa = PBXGroup;
			children = (
				305BFF7D239FD6900065D6BD /* AppDelegate.swift */,
				305BFF7F239FD6900065D6BD /* SceneDelegate.swift */,
				305BFF81239FD6900065D6BD /* ViewController.swift */,
				305BFF83239FD6900065D6BD /* Main.storyboard */,
				305BFF86239FD6910065D6BD /* Assets.xcassets */,
				305BFF88239FD6910065D6BD /* LaunchScreen.storyboard */,
				305BFF8B239FD6910065D6BD /* Info.plist */,
				30E7D1A5239FFAFF00B06A35 /* Sound */,
			);
			path = "Learn 1-10 in Japanese";
			sourceTree = "<group>";
		};
		30E7D1A5239FFAFF00B06A35 /* Sound */ = {
			isa = PBXGroup;
			children = (
				30E7D198239FFAE300B06A35 /* 1.m4a */,
				30E7D195239FFAE300B06A35 /* 2.m4a */,
				30E7D192239FFAE300B06A35 /* 3.m4a */,
				30E7D194239FFAE300B06A35 /* 4.m4a */,
				30E7D193239FFAE300B06A35 /* 5.m4a */,
				30E7D191239FFAE300B06A35 /* 6.m4a */,
				30E7D19A239FFAE400B06A35 /* 7.m4a */,
				30E7D196239FFAE300B06A35 /* 8.m4a */,
				30E7D197239FFAE300B06A35 /* 9.m4a */,
				30E7D199239FFAE300B06A35 /* 10.m4a */,
			);
			path = Sound;
			sourceTree = "<group>";
		};
/* End PBXGroup section */

/* Begin PBXNativeTarget section */
		305BFF79239FD6900065D6BD /* Learn 1-10 in Japanese */ = {
			isa = PBXNativeTarget;
			buildConfigurationList = 305BFF8E239FD6910065D6BD /* Build configuration list for PBXNativeTarget "Learn 1-10 in Japanese" */;
			buildPhases = (
				305BFF76239FD6900065D6BD /* Sources */,
				305BFF77239FD6900065D6BD /* Frameworks */,
				305BFF78239FD6900065D6BD /* Resources */,
			);
			buildRules = (
			);
			dependencies = (
			);
			name = "Learn 1-10 in Japanese";
			productName = "Learn 1-10 in Japanese";
			productReference = 305BFF7A239FD6900065D6BD /* Learn 1-10 in Japanese.app */;
			productType = "com.apple.product-type.application";
		};
/* End PBXNativeTarget section */

/* Begin PBXProject section */
		305BFF72239FD6900065D6BD /* Project object */ = {
			isa = PBXProject;
			attributes = {
				LastSwiftUpdateCheck = 1110;
				LastUpgradeCheck = 1110;
				ORGANIZATIONNAME = "Abhishek Rawat";
				TargetAttributes = {
					305BFF79239FD6900065D6BD = {
						CreatedOnToolsVersion = 11.1;
					};
				};
			};
			buildConfigurationList = 305BFF75239FD6900065D6BD /* Build configuration list for PBXProject "Learn 1-10 in Japanese" */;
			compatibilityVersion = "Xcode 9.3";
			developmentRegion = en;
			hasScannedForEncodings = 0;
			knownRegions = (
				en,
				Base,
			);
			mainGroup = 305BFF71239FD6900065D6BD;
			productRefGroup = 305BFF7B239FD6900065D6BD /* Products */;
			projectDirPath = "";
			projectRoot = "";
			targets = (
				305BFF79239FD6900065D6BD /* Learn 1-10 in Japanese */,
			);
		};
/* End PBXProject section */

/* Begin PBXResourcesBuildPhase section */
		305BFF78239FD6900065D6BD /* Resources */ = {
			isa = PBXResourcesBuildPhase;
			buildActionMask = 2147483647;
			files = (
				305BFF8A239FD6910065D6BD /* LaunchScreen.storyboard in Resources */,
				305BFF87239FD6910065D6BD /* Assets.xcassets in Resources */,
				30E7D19B239FFAE400B06A35 /* 6.m4a in Resources */,
				30E7D19C239FFAE400B06A35 /* 3.m4a in Resources */,
				30E7D19D239FFAE400B06A35 /* 5.m4a in Resources */,
				30E7D19E239FFAE400B06A35 /* 4.m4a in Resources */,
				30E7D19F239FFAE400B06A35 /* 2.m4a in Resources */,
				30E7D1A0239FFAE400B06A35 /* 8.m4a in Resources */,
				30E7D1A1239FFAE400B06A35 /* 9.m4a in Resources */,
				30E7D1A2239FFAE400B06A35 /* 1.m4a in Resources */,
				30E7D1A3239FFAE400B06A35 /* 10.m4a in Resources */,
				30E7D1A4239FFAE400B06A35 /* 7.m4a in Resources */,
				305BFF85239FD6900065D6BD /* Main.storyboard in Resources */,
			);
			runOnlyForDeploymentPostprocessing = 0;
		};
/* End PBXResourcesBuildPhase section */

/* Begin PBXSourcesBuildPhase section */
		305BFF76239FD6900065D6BD /* Sources */ = {
			isa = PBXSourcesBuildPhase;
			buildActionMask = 2147483647;
			files = (
				305BFF82239FD6900065D6BD /* ViewController.swift in Sources */,
				305BFF7E239FD6900065D6BD /* AppDelegate.swift in Sources */,
				305BFF80239FD6900065D6BD /* SceneDelegate.swift in Sources */,
			);
			runOnlyForDeploymentPostprocessing = 0;
		};
/* End PBXSourcesBuildPhase section */

/* Begin PBXVariantGroup section */
		305BFF83239FD6900065D6BD /* Main.storyboard */ = {
			isa = PBXVariantGroup;
			children = (
				305BFF84239FD6900065D6BD /* Base */,
			);
			name = Main.storyboard;
			sourceTree = "<group>";
		};
		305BFF88239FD6910065D6BD /* LaunchScreen.storyboard */ = {
			isa = PBXVariantGroup;
			children = (
				305BFF89239FD6910065D6BD /* Base */,
			);
			name = LaunchScreen.storyboard;
			sourceTree = "<group>";
		};
/* End PBXVariantGroup section */

/* Begin XCBuildConfiguration section */
		305BFF8C239FD6910065D6BD /* Debug */ = {
			isa = XCBuildConfiguration;
			buildSettings = {
				ALWAYS_SEARCH_USER_PATHS = NO;
				CLANG_ANALYZER_NONNULL = YES;
				CLANG_ANALYZER_NUMBER_OBJECT_CONVERSION = YES_AGGRESSIVE;
				CLANG_CXX_LANGUAGE_STANDARD = "gnu++14";
				CLANG_CXX_LIBRARY = "libc++";
				CLANG_ENABLE_MODULES = YES;
				CLANG_ENABLE_OBJC_ARC = YES;
				CLANG_ENABLE_OBJC_WEAK = YES;
				CLANG_WARN_BLOCK_CAPTURE_AUTORELEASING = YES;
				CLANG_WARN_BOOL_CONVERSION = YES;
				CLANG_WARN_COMMA = YES;
				CLANG_WARN_CONSTANT_CONVERSION = YES;
				CLANG_WARN_DEPRECATED_OBJC_IMPLEMENTATIONS = YES;
				CLANG_WARN_DIRECT_OBJC_ISA_USAGE = YES_ERROR;
				CLANG_WARN_DOCUMENTATION_COMMENTS = YES;
				CLANG_WARN_EMPTY_BODY = YES;
				CLANG_WARN_ENUM_CONVERSION = YES;
				CLANG_WARN_INFINITE_RECURSION = YES;
				CLANG_WARN_INT_CONVERSION = YES;
				CLANG_WARN_NON_LITERAL_NULL_CONVERSION = YES;
				CLANG_WARN_OBJC_IMPLICIT_RETAIN_SELF = YES;
				CLANG_WARN_OBJC_LITERAL_CONVERSION = YES;
				CLANG_WARN_OBJC_ROOT_CLASS = YES_ERROR;
				CLANG_WARN_RANGE_LOOP_ANALYSIS = YES;
				CLANG_WARN_STRICT_PROTOTYPES = YES;
				CLANG_WARN_SUSPICIOUS_MOVE = YES;
				CLANG_WARN_UNGUARDED_AVAILABILITY = YES_AGGRESSIVE;
				CLANG_WARN_UNREACHABLE_CODE = YES;
				CLANG_WARN__DUPLICATE_METHOD_MATCH = YES;
				COPY_PHASE_STRIP = NO;
				DEBUG_INFORMATION_FORMAT = dwarf;
				ENABLE_STRICT_OBJC_MSGSEND = YES;
				ENABLE_TESTABILITY = YES;
				GCC_C_LANGUAGE_STANDARD = gnu11;
				GCC_DYNAMIC_NO_PIC = NO;
				GCC_NO_COMMON_BLOCKS = YES;
				GCC_OPTIMIZATION_LEVEL = 0;
				GCC_PREPROCESSOR_DEFINITIONS = (
					"DEBUG=1",
					"$(inherited)",
				);
				GCC_WARN_64_TO_32_BIT_CONVERSION = YES;
				GCC_WARN_ABOUT_RETURN_TYPE = YES_ERROR;
				GCC_WARN_UNDECLARED_SELECTOR = YES;
				GCC_WARN_UNINITIALIZED_AUTOS = YES_AGGRESSIVE;
				GCC_WARN_UNUSED_FUNCTION = YES;
				GCC_WARN_UNUSED_VARIABLE = YES;
				IPHONEOS_DEPLOYMENT_TARGET = 13.1;
				MTL_ENABLE_DEBUG_INFO = INCLUDE_SOURCE;
				MTL_FAST_MATH = YES;
				ONLY_ACTIVE_ARCH = YES;
				SDKROOT = iphoneos;
				SWIFT_ACTIVE_COMPILATION_CONDITIONS = DEBUG;
				SWIFT_OPTIMIZATION_LEVEL = "-Onone";
			};
			name = Debug;
		};
		305BFF8D239FD6910065D6BD /* Release */ = {
			isa = XCBuildConfiguration;
			buildSettings = {
				ALWAYS_SEARCH_USER_PATHS = NO;
				CLANG_ANALYZER_NONNULL = YES;
				CLANG_ANALYZER_NUMBER_OBJECT_CONVERSION = YES_AGGRESSIVE;
				CLANG_CXX_LANGUAGE_STANDARD = "gnu++14";
				CLANG_CXX_LIBRARY = "libc++";
				CLANG_ENABLE_MODULES = YES;
				CLANG_ENABLE_OBJC_ARC = YES;
				CLANG_ENABLE_OBJC_WEAK = YES;
				CLANG_WARN_BLOCK_CAPTURE_AUTORELEASING = YES;
				CLANG_WARN_BOOL_CONVERSION = YES;
				CLANG_WARN_COMMA = YES;
				CLANG_WARN_CONSTANT_CONVERSION = YES;
				CLANG_WARN_DEPRECATED_OBJC_IMPLEMENTATIONS = YES;
				CLANG_WARN_DIRECT_OBJC_ISA_USAGE = YES_ERROR;
				CLANG_WARN_DOCUMENTATION_COMMENTS = YES;
				CLANG_WARN_EMPTY_BODY = YES;
				CLANG_WARN_ENUM_CONVERSION = YES;
				CLANG_WARN_INFINITE_RECURSION = YES;
				CLANG_WARN_INT_CONVERSION = YES;
				CLANG_WARN_NON_LITERAL_NULL_CONVERSION = YES;
				CLANG_WARN_OBJC_IMPLICIT_RETAIN_SELF = YES;
				CLANG_WARN_OBJC_LITERAL_CONVERSION = YES;
				CLANG_WARN_OBJC_ROOT_CLASS = YES_ERROR;
				CLANG_WARN_RANGE_LOOP_ANALYSIS = YES;
				CLANG_WARN_STRICT_PROTOTYPES = YES;
				CLANG_WARN_SUSPICIOUS_MOVE = YES;
				CLANG_WARN_UNGUARDED_AVAILABILITY = YES_AGGRESSIVE;
				CLANG_WARN_UNREACHABLE_CODE = YES;
				CLANG_WARN__DUPLICATE_METHOD_MATCH = YES;
				COPY_PHASE_STRIP = NO;
				DEBUG_INFORMATION_FORMAT = "dwarf-with-dsym";
				ENABLE_NS_ASSERTIONS = NO;
				ENABLE_STRICT_OBJC_MSGSEND = YES;
				GCC_C_LANGUAGE_STANDARD = gnu11;
				GCC_NO_COMMON_BLOCKS = YES;
				GCC_WARN_64_TO_32_BIT_CONVERSION = YES;
				GCC_WARN_ABOUT_RETURN_TYPE = YES_ERROR;
				GCC_WARN_UNDECLARED_SELECTOR = YES;
				GCC_WARN_UNINITIALIZED_AUTOS = YES_AGGRESSIVE;
				GCC_WARN_UNUSED_FUNCTION = YES;
				GCC_WARN_UNUSED_VARIABLE = YES;
				IPHONEOS_DEPLOYMENT_TARGET = 13.1;
				MTL_ENABLE_DEBUG_INFO = NO;
				MTL_FAST_MATH = YES;
				SDKROOT = iphoneos;
				SWIFT_COMPILATION_MODE = wholemodule;
				SWIFT_OPTIMIZATION_LEVEL = "-O";
				VALIDATE_PRODUCT = YES;
			};
			name = Release;
		};
		305BFF8F239FD6910065D6BD /* Debug */ = {
			isa = XCBuildConfiguration;
			buildSettings = {
				ASSETCATALOG_COMPILER_APPICON_NAME = AppIcon;
				CODE_SIGN_STYLE = Automatic;
				INFOPLIST_FILE = "Learn 1-10 in Japanese/Info.plist";
				LD_RUNPATH_SEARCH_PATHS = (
					"$(inherited)",
					"@executable_path/Frameworks",
				);
				PRODUCT_BUNDLE_IDENTIFIER = "com.imadeitmyself.Learn-1-10-in-Japanese";
				PRODUCT_NAME = "$(TARGET_NAME)";
				SWIFT_VERSION = 5.0;
				TARGETED_DEVICE_FAMILY = "1,2";
			};
			name = Debug;
		};
		305BFF90239FD6910065D6BD /* Release */ = {
			isa = XCBuildConfiguration;
			buildSettings = {
				ASSETCATALOG_COMPILER_APPICON_NAME = AppIcon;
				CODE_SIGN_STYLE = Automatic;
				INFOPLIST_FILE = "Learn 1-10 in Japanese/Info.plist";
				LD_RUNPATH_SEARCH_PATHS = (
					"$(inherited)",
					"@executable_path/Frameworks",
				);
				PRODUCT_BUNDLE_IDENTIFIER = "com.imadeitmyself.Learn-1-10-in-Japanese";
				PRODUCT_NAME = "$(TARGET_NAME)";
				SWIFT_VERSION = 5.0;
				TARGETED_DEVICE_FAMILY = "1,2";
			};
			name = Release;
		};
/* End XCBuildConfiguration section */

/* Begin XCConfigurationList section */
		305BFF75239FD6900065D6BD /* Build configuration list for PBXProject "Learn 1-10 in Japanese" */ = {
			isa = XCConfigurationList;
			buildConfigurations = (
				305BFF8C239FD6910065D6BD /* Debug */,
				305BFF8D239FD6910065D6BD /* Release */,
			);
			defaultConfigurationIsVisible = 0;
			defaultConfigurationName = Release;
		};
		305BFF8E239FD6910065D6BD /* Build configuration list for PBXNativeTarget "Learn 1-10 in Japanese" */ = {
			isa = XCConfigurationList;
			buildConfigurations = (
				305BFF8F239FD6910065D6BD /* Debug */,
				305BFF90239FD6910065D6BD /* Release */,
			);
			defaultConfigurationIsVisible = 0;
			defaultConfigurationName = Release;
		};
/* End XCConfigurationList section */
	};
	rootObject = 305BFF72239FD6900065D6BD /* Project object */;
}
